{
  "nodes": {
    "flake-utils": {
      "locked": {
        "lastModified": 1623875721,
        "narHash": "sha256-A8BU7bjS5GirpAUv4QA+QnJ4CceLHkcXdRp4xITDB0s=",
        "owner": "numtide",
        "repo": "flake-utils",
        "rev": "f7e004a55b120c02ecb6219596820fcd32ca8772",
        "type": "github"
      },
      "original": {
        "owner": "numtide",
        "repo": "flake-utils",
        "type": "github"
      }
    },
    "gerrit": {
      "flake": false,
      "locked": {
        "lastModified": 1633618410,
        "narHash": "sha256-BmydOHmCwicLXs0PORKl9eHnkWfqW9pGETYrGLrNRYc=",
        "owner": "softwarefactory-project",
        "repo": "gerrit-haskell",
        "rev": "e1801792624863bc96bf50a707b4d511538ad5ac",
        "type": "github"
      },
      "original": {
        "owner": "softwarefactory-project",
        "repo": "gerrit-haskell",
        "type": "github"
      }
    },
    "matrix-client": {
      "flake": false,
      "locked": {
        "lastModified": 1628440790,
        "narHash": "sha256-Pymz4vFCdvJ0Peia3QrTUne8rSw68AxU4NSCL7SdDpM=",
        "owner": "softwarefactory-project",
        "repo": "matrix-client-haskell",
        "rev": "c4084462ca7bc5b0bbabaa58493f4aa61f5e04e1",
        "type": "github"
      },
      "original": {
        "owner": "softwarefactory-project",
        "repo": "matrix-client-haskell",
        "type": "github"
      }
    },
    "nixpkgs": {
      "locked": {
        "lastModified": 1627838283,
        "narHash": "sha256-YgxKXnyVltURwVPT+eIHPIgTaCb/1MrvebOmEHw2FBU=",
        "owner": "NixOS",
        "repo": "nixpkgs",
        "rev": "9fc2cddf24ad1819f17174cbae47789294ea6dc4",
        "type": "github"
      },
      "original": {
        "owner": "NixOS",
        "repo": "nixpkgs",
        "type": "github"
      }
    },
    "root": {
      "inputs": {
        "flake-utils": "flake-utils",
        "gerrit": "gerrit",
        "matrix-client": "matrix-client",
        "nixpkgs": "nixpkgs"
      }
    }
  },
  "root": "root",
  "version": 7
}
